{
  "name": "linear-algebra-calculator",
  "version": "2.0.0",
  "lockfileVersion": 3,
  "requires": true,
  "packages": {
    "": {
      "name": "linear-algebra-calculator",
      "version": "2.0.0",
      "description": "The Linear Algebra Calculator 2.0 — exact matrix calculation and interactive visual learning tools.",
      "license": "MIT",
      "engines": {
        "node": ">=22.13.0"
      }
    }
  }
}
